
Microsoft Visual Studio Solution File, Format Version 12.00
# Visual Studio 14
VisualStudioVersion = 14.0.24720.0
MinimumVisualStudioVersion = 10.0.40219.1
Project("{FAE04EC0-301F-11D3-BF4B-00C04F79EFBC}") = "2016-04-16-test-literal-char", "2016-04-16-test-literal-char\2016-04-16-test-literal-char.csproj", "{8C49D900-C667-4DCC-843E-B43BE0012F0D}"
EndProject
Global
	GlobalSection(SolutionConfigurationPlatforms) = preSolution
		Debug|Any CPU = Debug|Any CPU
		Release|Any CPU = Release|Any CPU
	EndGlobalSection
	GlobalSection(ProjectConfigurationPlatforms) = postSolution
		{8C49D900-C667-4DCC-843E-B43BE0012F0D}.Debug|Any CPU.ActiveCfg = Debug|Any CPU
		{8C49D900-C667-4DCC-843E-B43BE0012F0D}.Debug|Any CPU.Build.0 = Debug|Any CPU
		{8C49D900-C667-4DCC-843E-B43BE0012F0D}.Release|Any CPU.ActiveCfg = Release|Any CPU
		{8C49D900-C667-4DCC-843E-B43BE0012F0D}.Release|Any CPU.Build.0 = Release|Any CPU
	EndGlobalSection
	GlobalSection(SolutionProperties) = preSolution
		HideSolutionNode = FALSE
	EndGlobalSection
EndGlobal
