
Microsoft Visual Studio Solution File, Format Version 12.00
# Visual Studio 14
VisualStudioVersion = 14.0.25123.0
MinimumVisualStudioVersion = 10.0.40219.1
Project("{FAE04EC0-301F-11D3-BF4B-00C04F79EFBC}") = "2016-04-25-test-class-inheritance_hierarchy", "2016-04-25-test-class-inheritance_hierarchy\2016-04-25-test-class-inheritance_hierarchy.csproj", "{28E61056-E860-4B2A-A7F9-B13BC05CA2F9}"
EndProject
Global
	GlobalSection(SolutionConfigurationPlatforms) = preSolution
		Debug|Any CPU = Debug|Any CPU
		Release|Any CPU = Release|Any CPU
	EndGlobalSection
	GlobalSection(ProjectConfigurationPlatforms) = postSolution
		{28E61056-E860-4B2A-A7F9-B13BC05CA2F9}.Debug|Any CPU.ActiveCfg = Debug|Any CPU
		{28E61056-E860-4B2A-A7F9-B13BC05CA2F9}.Debug|Any CPU.Build.0 = Debug|Any CPU
		{28E61056-E860-4B2A-A7F9-B13BC05CA2F9}.Release|Any CPU.ActiveCfg = Release|Any CPU
		{28E61056-E860-4B2A-A7F9-B13BC05CA2F9}.Release|Any CPU.Build.0 = Release|Any CPU
	EndGlobalSection
	GlobalSection(SolutionProperties) = preSolution
		HideSolutionNode = FALSE
	EndGlobalSection
EndGlobal
